
Microsoft Visual Studio Solution File, Format Version 12.00
# Visual Studio Version 17
VisualStudioVersion = 17.8.34309.116
MinimumVisualStudioVersion = 10.0.40219.1
Project("{FAE04EC0-301F-11D3-BF4B-00C04F79EFBC}") = "MacorattiCleanArchtecture.Application", "MacorattiCleanArchtecture.Application\MacorattiCleanArchtecture.Application.csproj", "{E2CD52B0-DF3B-4C40-88E0-6F67C4EFE754}"
EndProject
Project("{FAE04EC0-301F-11D3-BF4B-00C04F79EFBC}") = "MacorattiCleanArchtecture.Infra.Data", "MacorattiCleanArchtecture.Data\MacorattiCleanArchtecture.Infra.Data.csproj", "{32D77647-B915-4F55-9C91-CA3BDBC2B81F}"
EndProject
Project("{FAE04EC0-301F-11D3-BF4B-00C04F79EFBC}") = "MacorattiCleanArchtecture.IoC", "MacorattiCleanArchtecture.IoC\MacorattiCleanArchtecture.IoC.csproj", "{8E8B1E11-EC60-4127-AB09-C83EBEBF764E}"
EndProject
Project("{FAE04EC0-301F-11D3-BF4B-00C04F79EFBC}") = "MacorattiCleanArchtecture.Domain", "MacorattiCleanArchtecture.Domain\MacorattiCleanArchtecture.Domain.csproj", "{F74761A4-16F6-416C-8172-91A8C0454AE2}"
EndProject
Project("{FAE04EC0-301F-11D3-BF4B-00C04F79EFBC}") = "MacorattiCleanArchtecture.WebUI", "MacorattiCleanArchtecture.WebUI\MacorattiCleanArchtecture.WebUI.csproj", "{D8317249-5958-4495-B6C6-BA479136F28C}"
EndProject
Global
	GlobalSection(SolutionConfigurationPlatforms) = preSolution
		Debug|Any CPU = Debug|Any CPU
		Release|Any CPU = Release|Any CPU
	EndGlobalSection
	GlobalSection(ProjectConfigurationPlatforms) = postSolution
		{E2CD52B0-DF3B-4C40-88E0-6F67C4EFE754}.Debug|Any CPU.ActiveCfg = Debug|Any CPU
		{E2CD52B0-DF3B-4C40-88E0-6F67C4EFE754}.Debug|Any CPU.Build.0 = Debug|Any CPU
		{E2CD52B0-DF3B-4C40-88E0-6F67C4EFE754}.Release|Any CPU.ActiveCfg = Release|Any CPU
		{E2CD52B0-DF3B-4C40-88E0-6F67C4EFE754}.Release|Any CPU.Build.0 = Release|Any CPU
		{32D77647-B915-4F55-9C91-CA3BDBC2B81F}.Debug|Any CPU.ActiveCfg = Debug|Any CPU
		{32D77647-B915-4F55-9C91-CA3BDBC2B81F}.Debug|Any CPU.Build.0 = Debug|Any CPU
		{32D77647-B915-4F55-9C91-CA3BDBC2B81F}.Release|Any CPU.ActiveCfg = Release|Any CPU
		{32D77647-B915-4F55-9C91-CA3BDBC2B81F}.Release|Any CPU.Build.0 = Release|Any CPU
		{8E8B1E11-EC60-4127-AB09-C83EBEBF764E}.Debug|Any CPU.ActiveCfg = Debug|Any CPU
		{8E8B1E11-EC60-4127-AB09-C83EBEBF764E}.Debug|Any CPU.Build.0 = Debug|Any CPU
		{8E8B1E11-EC60-4127-AB09-C83EBEBF764E}.Release|Any CPU.ActiveCfg = Release|Any CPU
		{8E8B1E11-EC60-4127-AB09-C83EBEBF764E}.Release|Any CPU.Build.0 = Release|Any CPU
		{F74761A4-16F6-416C-8172-91A8C0454AE2}.Debug|Any CPU.ActiveCfg = Debug|Any CPU
		{F74761A4-16F6-416C-8172-91A8C0454AE2}.Debug|Any CPU.Build.0 = Debug|Any CPU
		{F74761A4-16F6-416C-8172-91A8C0454AE2}.Release|Any CPU.ActiveCfg = Release|Any CPU
		{F74761A4-16F6-416C-8172-91A8C0454AE2}.Release|Any CPU.Build.0 = Release|Any CPU
		{D8317249-5958-4495-B6C6-BA479136F28C}.Debug|Any CPU.ActiveCfg = Debug|Any CPU
		{D8317249-5958-4495-B6C6-BA479136F28C}.Debug|Any CPU.Build.0 = Debug|Any CPU
		{D8317249-5958-4495-B6C6-BA479136F28C}.Release|Any CPU.ActiveCfg = Release|Any CPU
		{D8317249-5958-4495-B6C6-BA479136F28C}.Release|Any CPU.Build.0 = Release|Any CPU
	EndGlobalSection
	GlobalSection(SolutionProperties) = preSolution
		HideSolutionNode = FALSE
	EndGlobalSection
	GlobalSection(ExtensibilityGlobals) = postSolution
		SolutionGuid = {F705DBFC-D427-4912-A77A-DF8F69971796}
	EndGlobalSection
EndGlobal
